
Microsoft Visual Studio Solution File, Format Version 12.00
# Visual Studio Version 17
VisualStudioVersion = 17.8.34601.278
MinimumVisualStudioVersion = 10.0.40219.1
Project("{FAE04EC0-301F-11D3-BF4B-00C04F79EFBC}") = "Aufgabe3", "Aufgabe3\Aufgabe3.csproj", "{ACEBBD05-4A26-4794-9AE5-5BE269B6E0C4}"
EndProject
Global
	GlobalSection(SolutionConfigurationPlatforms) = preSolution
		Debug|Any CPU = Debug|Any CPU
		Release|Any CPU = Release|Any CPU
	EndGlobalSection
	GlobalSection(ProjectConfigurationPlatforms) = postSolution
		{ACEBBD05-4A26-4794-9AE5-5BE269B6E0C4}.Debug|Any CPU.ActiveCfg = Debug|Any CPU
		{ACEBBD05-4A26-4794-9AE5-5BE269B6E0C4}.Debug|Any CPU.Build.0 = Debug|Any CPU
		{ACEBBD05-4A26-4794-9AE5-5BE269B6E0C4}.Release|Any CPU.ActiveCfg = Release|Any CPU
		{ACEBBD05-4A26-4794-9AE5-5BE269B6E0C4}.Release|Any CPU.Build.0 = Release|Any CPU
	EndGlobalSection
	GlobalSection(SolutionProperties) = preSolution
		HideSolutionNode = FALSE
	EndGlobalSection
	GlobalSection(ExtensibilityGlobals) = postSolution
		SolutionGuid = {23E66D04-8F6C-4440-9628-E61DF022C2C7}
	EndGlobalSection
EndGlobal
