
Microsoft Visual Studio Solution File, Format Version 12.00
# Visual Studio Version 17
VisualStudioVersion = 17.8.34601.278
MinimumVisualStudioVersion = 10.0.40219.1
Project("{FAE04EC0-301F-11D3-BF4B-00C04F79EFBC}") = "Aufgabe2", "Aufgabe2\Aufgabe2.csproj", "{5C395A7B-5B79-46B6-9DB2-915C9F9C7D29}"
EndProject
Global
	GlobalSection(SolutionConfigurationPlatforms) = preSolution
		Debug|Any CPU = Debug|Any CPU
		Release|Any CPU = Release|Any CPU
	EndGlobalSection
	GlobalSection(ProjectConfigurationPlatforms) = postSolution
		{5C395A7B-5B79-46B6-9DB2-915C9F9C7D29}.Debug|Any CPU.ActiveCfg = Debug|Any CPU
		{5C395A7B-5B79-46B6-9DB2-915C9F9C7D29}.Debug|Any CPU.Build.0 = Debug|Any CPU
		{5C395A7B-5B79-46B6-9DB2-915C9F9C7D29}.Release|Any CPU.ActiveCfg = Release|Any CPU
		{5C395A7B-5B79-46B6-9DB2-915C9F9C7D29}.Release|Any CPU.Build.0 = Release|Any CPU
	EndGlobalSection
	GlobalSection(SolutionProperties) = preSolution
		HideSolutionNode = FALSE
	EndGlobalSection
	GlobalSection(ExtensibilityGlobals) = postSolution
		SolutionGuid = {171788BF-C655-4E7F-95CA-9B4FF61FC215}
	EndGlobalSection
EndGlobal
