
Microsoft Visual Studio Solution File, Format Version 12.00
# Visual Studio Version 17
VisualStudioVersion = 17.8.34601.278
MinimumVisualStudioVersion = 10.0.40219.1
Project("{FAE04EC0-301F-11D3-BF4B-00C04F79EFBC}") = "Ende2024_Neueinstieg", "Ende2024_Neueinstieg\Ende2024_Neueinstieg.csproj", "{6A1D2568-6169-4DCA-BC3D-5E2D8FC18E77}"
EndProject
Global
	GlobalSection(SolutionConfigurationPlatforms) = preSolution
		Debug|Any CPU = Debug|Any CPU
		Release|Any CPU = Release|Any CPU
	EndGlobalSection
	GlobalSection(ProjectConfigurationPlatforms) = postSolution
		{6A1D2568-6169-4DCA-BC3D-5E2D8FC18E77}.Debug|Any CPU.ActiveCfg = Debug|Any CPU
		{6A1D2568-6169-4DCA-BC3D-5E2D8FC18E77}.Debug|Any CPU.Build.0 = Debug|Any CPU
		{6A1D2568-6169-4DCA-BC3D-5E2D8FC18E77}.Release|Any CPU.ActiveCfg = Release|Any CPU
		{6A1D2568-6169-4DCA-BC3D-5E2D8FC18E77}.Release|Any CPU.Build.0 = Release|Any CPU
	EndGlobalSection
	GlobalSection(SolutionProperties) = preSolution
		HideSolutionNode = FALSE
	EndGlobalSection
	GlobalSection(ExtensibilityGlobals) = postSolution
		SolutionGuid = {5AABB56A-4BB9-460B-87A8-24FCF3C567FE}
	EndGlobalSection
EndGlobal
