
Microsoft Visual Studio Solution File, Format Version 12.00
# Visual Studio Version 17
VisualStudioVersion = 17.8.34601.278
MinimumVisualStudioVersion = 10.0.40219.1
Project("{FAE04EC0-301F-11D3-BF4B-00C04F79EFBC}") = "EventArgs", "EventArgs\EventArgs.csproj", "{A2E4EBBE-342C-431A-9DC7-3F2793B3B7F8}"
EndProject
Global
	GlobalSection(SolutionConfigurationPlatforms) = preSolution
		Debug|Any CPU = Debug|Any CPU
		Release|Any CPU = Release|Any CPU
	EndGlobalSection
	GlobalSection(ProjectConfigurationPlatforms) = postSolution
		{A2E4EBBE-342C-431A-9DC7-3F2793B3B7F8}.Debug|Any CPU.ActiveCfg = Debug|Any CPU
		{A2E4EBBE-342C-431A-9DC7-3F2793B3B7F8}.Debug|Any CPU.Build.0 = Debug|Any CPU
		{A2E4EBBE-342C-431A-9DC7-3F2793B3B7F8}.Release|Any CPU.ActiveCfg = Release|Any CPU
		{A2E4EBBE-342C-431A-9DC7-3F2793B3B7F8}.Release|Any CPU.Build.0 = Release|Any CPU
	EndGlobalSection
	GlobalSection(SolutionProperties) = preSolution
		HideSolutionNode = FALSE
	EndGlobalSection
	GlobalSection(ExtensibilityGlobals) = postSolution
		SolutionGuid = {A6DFA016-9F9C-4707-BD70-D016FF42170E}
	EndGlobalSection
EndGlobal
