
Microsoft Visual Studio Solution File, Format Version 12.00
# Visual Studio Version 17
VisualStudioVersion = 17.6.33829.357
MinimumVisualStudioVersion = 10.0.40219.1
Project("{FAE04EC0-301F-11D3-BF4B-00C04F79EFBC}") = "Modul_2_1", "Modul_2_1\Modul_2_1.csproj", "{5B880850-6C55-4344-AD61-AE130D7E8101}"
EndProject
Global
	GlobalSection(SolutionConfigurationPlatforms) = preSolution
		Debug|Any CPU = Debug|Any CPU
		Release|Any CPU = Release|Any CPU
	EndGlobalSection
	GlobalSection(ProjectConfigurationPlatforms) = postSolution
		{5B880850-6C55-4344-AD61-AE130D7E8101}.Debug|Any CPU.ActiveCfg = Debug|Any CPU
		{5B880850-6C55-4344-AD61-AE130D7E8101}.Debug|Any CPU.Build.0 = Debug|Any CPU
		{5B880850-6C55-4344-AD61-AE130D7E8101}.Release|Any CPU.ActiveCfg = Release|Any CPU
		{5B880850-6C55-4344-AD61-AE130D7E8101}.Release|Any CPU.Build.0 = Release|Any CPU
	EndGlobalSection
	GlobalSection(SolutionProperties) = preSolution
		HideSolutionNode = FALSE
	EndGlobalSection
	GlobalSection(ExtensibilityGlobals) = postSolution
		SolutionGuid = {913C4E67-1121-48BB-AC64-F341E1E43A97}
	EndGlobalSection
EndGlobal
