
Microsoft Visual Studio Solution File, Format Version 12.00
# Visual Studio Version 17
VisualStudioVersion = 17.8.34601.278
MinimumVisualStudioVersion = 10.0.40219.1
Project("{FAE04EC0-301F-11D3-BF4B-00C04F79EFBC}") = "TaschenrechnerV1", "TaschenrechnerV1\TaschenrechnerV1.csproj", "{407DFAB1-BACA-4E22-A337-CDC8C0B9DEB5}"
EndProject
Global
	GlobalSection(SolutionConfigurationPlatforms) = preSolution
		Debug|Any CPU = Debug|Any CPU
		Release|Any CPU = Release|Any CPU
	EndGlobalSection
	GlobalSection(ProjectConfigurationPlatforms) = postSolution
		{407DFAB1-BACA-4E22-A337-CDC8C0B9DEB5}.Debug|Any CPU.ActiveCfg = Debug|Any CPU
		{407DFAB1-BACA-4E22-A337-CDC8C0B9DEB5}.Debug|Any CPU.Build.0 = Debug|Any CPU
		{407DFAB1-BACA-4E22-A337-CDC8C0B9DEB5}.Release|Any CPU.ActiveCfg = Release|Any CPU
		{407DFAB1-BACA-4E22-A337-CDC8C0B9DEB5}.Release|Any CPU.Build.0 = Release|Any CPU
	EndGlobalSection
	GlobalSection(SolutionProperties) = preSolution
		HideSolutionNode = FALSE
	EndGlobalSection
	GlobalSection(ExtensibilityGlobals) = postSolution
		SolutionGuid = {0A244B52-5125-4CC7-83D7-C28EE3E976D4}
	EndGlobalSection
EndGlobal
